
Microsoft Visual Studio Solution File, Format Version 12.00
# Visual Studio Version 16
VisualStudioVersion = 16.0.29613.14
MinimumVisualStudioVersion = 10.0.40219.1
Project("{FAE04EC0-301F-11D3-BF4B-00C04F79EFBC}") = "Unidade03", "Unidade03\Unidade03.csproj", "{530B254D-98AB-4943-876C-EE9375B9F723}"
EndProject
Global
	GlobalSection(SolutionConfigurationPlatforms) = preSolution
		Debug|Any CPU = Debug|Any CPU
		Release|Any CPU = Release|Any CPU
	EndGlobalSection
	GlobalSection(ProjectConfigurationPlatforms) = postSolution
		{530B254D-98AB-4943-876C-EE9375B9F723}.Debug|Any CPU.ActiveCfg = Debug|Any CPU
		{530B254D-98AB-4943-876C-EE9375B9F723}.Debug|Any CPU.Build.0 = Debug|Any CPU
		{530B254D-98AB-4943-876C-EE9375B9F723}.Release|Any CPU.ActiveCfg = Release|Any CPU
		{530B254D-98AB-4943-876C-EE9375B9F723}.Release|Any CPU.Build.0 = Release|Any CPU
	EndGlobalSection
	GlobalSection(SolutionProperties) = preSolution
		HideSolutionNode = FALSE
	EndGlobalSection
	GlobalSection(ExtensibilityGlobals) = postSolution
		SolutionGuid = {8A728FD1-7524-49C9-A693-D295F2444B1A}
	EndGlobalSection
EndGlobal
